
Microsoft Visual Studio Solution File, Format Version 12.00
# Visual Studio 14
VisualStudioVersion = 14.0.25420.1
MinimumVisualStudioVersion = 10.0.40219.1
Project("{FAE04EC0-301F-11D3-BF4B-00C04F79EFBC}") = "MultiProjectSample", "MultiProjectSample\MultiProjectSample.csproj", "{694BC9D5-4A1E-429C-98DB-AA39E0C7E2DB}"
EndProject
Project("{2150E333-8FDC-42A3-9474-1A3956D46DE8}") = "Common", "Common", "{918015B8-75D1-4CEA-9909-FE66F5D72858}"
EndProject
Project("{2150E333-8FDC-42A3-9474-1A3956D46DE8}") = "Core", "Core", "{A7004B3B-7B2C-4DA4-9F55-08466124295F}"
EndProject
Project("{2150E333-8FDC-42A3-9474-1A3956D46DE8}") = "Infrastructure", "Infrastructure", "{D3528B28-AF0C-4088-8AE1-202375DFF5AF}"
EndProject
Project("{2150E333-8FDC-42A3-9474-1A3956D46DE8}") = "Data", "Data", "{A18559C5-95C6-4CC3-B60B-E78E2212B6BB}"
EndProject
Project("{2150E333-8FDC-42A3-9474-1A3956D46DE8}") = "Repository", "Repository", "{BED4401B-F83C-472B-9E40-86194A657C9D}"
EndProject
Project("{2150E333-8FDC-42A3-9474-1A3956D46DE8}") = "Service", "Service", "{D26F165E-7F18-42A5-8DF8-CC979D1201B4}"
EndProject
Project("{2150E333-8FDC-42A3-9474-1A3956D46DE8}") = "MiddletierServices", "MiddletierServices", "{3908777D-6FC0-492D-B837-ACC1875F679C}"
EndProject
Project("{2150E333-8FDC-42A3-9474-1A3956D46DE8}") = "WebSite", "WebSite", "{E3119435-CBDA-404A-BFA7-EBFF1E814FE6}"
EndProject
Project("{FAE04EC0-301F-11D3-BF4B-00C04F79EFBC}") = "Hk.Utilities", "Hk.Utilities\Hk.Utilities.csproj", "{1E26C5DD-1519-497D-9EFC-5944C26FE3B3}"
EndProject
Project("{FAE04EC0-301F-11D3-BF4B-00C04F79EFBC}") = "Hk.Application1.Core", "Hk.Application1.Core\Hk.Application1.Core.csproj", "{67E2F93E-52B6-4FA7-B7FD-4873CE11FC89}"
EndProject
Project("{FAE04EC0-301F-11D3-BF4B-00C04F79EFBC}") = "Hk.Application1.Repository", "Hk.Application1.Repository\Hk.Application1.Repository.csproj", "{4F611A2B-BF59-4CD5-A01D-1CDB06897AF7}"
EndProject
Project("{FAE04EC0-301F-11D3-BF4B-00C04F79EFBC}") = "Hk.Application1.Repository.Interface", "Hk.Application1.Repository.Interface\Hk.Application1.Repository.Interface.csproj", "{B2FDE5D5-DE3F-4C9A-9F94-4029689BC140}"
EndProject
Project("{FAE04EC0-301F-11D3-BF4B-00C04F79EFBC}") = "Hk.Services.Application1", "Hk.Services.Application1\Hk.Services.Application1.csproj", "{BB13E9A3-BA7F-4878-A546-D7064DE9EEDE}"
EndProject
Project("{FAE04EC0-301F-11D3-BF4B-00C04F79EFBC}") = "Hk.Application1.Data", "Hk.Application1.Data\Hk.Application1.Data.csproj", "{010F8730-5984-4F64-A1F1-9B0FC80DB4C3}"
EndProject
Project("{2150E333-8FDC-42A3-9474-1A3956D46DE8}") = "AuthService", "AuthService", "{D73D6DC6-9122-497A-AF31-44872DE58309}"
EndProject
Project("{FAE04EC0-301F-11D3-BF4B-00C04F79EFBC}") = "Hk.Services.AuthService", "Hk.Services.AuthService\Hk.Services.AuthService.csproj", "{31977596-A958-425E-9F69-7EC88210F377}"
EndProject
Project("{FAE04EC0-301F-11D3-BF4B-00C04F79EFBC}") = "Hk.Application1.Services", "Hk.Application1.ServiceIntegration\Hk.Application1.Services.csproj", "{ECD8F34E-1874-4817-808B-36A3E5C4834A}"
EndProject
Project("{FAE04EC0-301F-11D3-BF4B-00C04F79EFBC}") = "Hk.Services.TTAuthService", "Hk.Services.TTAuthService\Hk.Services.TTAuthService.csproj", "{574E15AB-F06F-421E-967A-57AD96343E08}"
EndProject
Global
	GlobalSection(SolutionConfigurationPlatforms) = preSolution
		Debug|Any CPU = Debug|Any CPU
		Release|Any CPU = Release|Any CPU
	EndGlobalSection
	GlobalSection(ProjectConfigurationPlatforms) = postSolution
		{694BC9D5-4A1E-429C-98DB-AA39E0C7E2DB}.Debug|Any CPU.ActiveCfg = Debug|Any CPU
		{694BC9D5-4A1E-429C-98DB-AA39E0C7E2DB}.Debug|Any CPU.Build.0 = Debug|Any CPU
		{694BC9D5-4A1E-429C-98DB-AA39E0C7E2DB}.Release|Any CPU.ActiveCfg = Release|Any CPU
		{694BC9D5-4A1E-429C-98DB-AA39E0C7E2DB}.Release|Any CPU.Build.0 = Release|Any CPU
		{1E26C5DD-1519-497D-9EFC-5944C26FE3B3}.Debug|Any CPU.ActiveCfg = Debug|Any CPU
		{1E26C5DD-1519-497D-9EFC-5944C26FE3B3}.Debug|Any CPU.Build.0 = Debug|Any CPU
		{1E26C5DD-1519-497D-9EFC-5944C26FE3B3}.Release|Any CPU.ActiveCfg = Release|Any CPU
		{1E26C5DD-1519-497D-9EFC-5944C26FE3B3}.Release|Any CPU.Build.0 = Release|Any CPU
		{67E2F93E-52B6-4FA7-B7FD-4873CE11FC89}.Debug|Any CPU.ActiveCfg = Debug|Any CPU
		{67E2F93E-52B6-4FA7-B7FD-4873CE11FC89}.Debug|Any CPU.Build.0 = Debug|Any CPU
		{67E2F93E-52B6-4FA7-B7FD-4873CE11FC89}.Release|Any CPU.ActiveCfg = Release|Any CPU
		{67E2F93E-52B6-4FA7-B7FD-4873CE11FC89}.Release|Any CPU.Build.0 = Release|Any CPU
		{4F611A2B-BF59-4CD5-A01D-1CDB06897AF7}.Debug|Any CPU.ActiveCfg = Debug|Any CPU
		{4F611A2B-BF59-4CD5-A01D-1CDB06897AF7}.Debug|Any CPU.Build.0 = Debug|Any CPU
		{4F611A2B-BF59-4CD5-A01D-1CDB06897AF7}.Release|Any CPU.ActiveCfg = Release|Any CPU
		{4F611A2B-BF59-4CD5-A01D-1CDB06897AF7}.Release|Any CPU.Build.0 = Release|Any CPU
		{B2FDE5D5-DE3F-4C9A-9F94-4029689BC140}.Debug|Any CPU.ActiveCfg = Debug|Any CPU
		{B2FDE5D5-DE3F-4C9A-9F94-4029689BC140}.Debug|Any CPU.Build.0 = Debug|Any CPU
		{B2FDE5D5-DE3F-4C9A-9F94-4029689BC140}.Release|Any CPU.ActiveCfg = Release|Any CPU
		{B2FDE5D5-DE3F-4C9A-9F94-4029689BC140}.Release|Any CPU.Build.0 = Release|Any CPU
		{BB13E9A3-BA7F-4878-A546-D7064DE9EEDE}.Debug|Any CPU.ActiveCfg = Debug|Any CPU
		{BB13E9A3-BA7F-4878-A546-D7064DE9EEDE}.Debug|Any CPU.Build.0 = Debug|Any CPU
		{BB13E9A3-BA7F-4878-A546-D7064DE9EEDE}.Release|Any CPU.ActiveCfg = Release|Any CPU
		{BB13E9A3-BA7F-4878-A546-D7064DE9EEDE}.Release|Any CPU.Build.0 = Release|Any CPU
		{010F8730-5984-4F64-A1F1-9B0FC80DB4C3}.Debug|Any CPU.ActiveCfg = Debug|Any CPU
		{010F8730-5984-4F64-A1F1-9B0FC80DB4C3}.Debug|Any CPU.Build.0 = Debug|Any CPU
		{010F8730-5984-4F64-A1F1-9B0FC80DB4C3}.Release|Any CPU.ActiveCfg = Release|Any CPU
		{010F8730-5984-4F64-A1F1-9B0FC80DB4C3}.Release|Any CPU.Build.0 = Release|Any CPU
		{31977596-A958-425E-9F69-7EC88210F377}.Debug|Any CPU.ActiveCfg = Debug|Any CPU
		{31977596-A958-425E-9F69-7EC88210F377}.Debug|Any CPU.Build.0 = Debug|Any CPU
		{31977596-A958-425E-9F69-7EC88210F377}.Release|Any CPU.ActiveCfg = Release|Any CPU
		{31977596-A958-425E-9F69-7EC88210F377}.Release|Any CPU.Build.0 = Release|Any CPU
		{ECD8F34E-1874-4817-808B-36A3E5C4834A}.Debug|Any CPU.ActiveCfg = Debug|Any CPU
		{ECD8F34E-1874-4817-808B-36A3E5C4834A}.Debug|Any CPU.Build.0 = Debug|Any CPU
		{ECD8F34E-1874-4817-808B-36A3E5C4834A}.Release|Any CPU.ActiveCfg = Release|Any CPU
		{ECD8F34E-1874-4817-808B-36A3E5C4834A}.Release|Any CPU.Build.0 = Release|Any CPU
		{574E15AB-F06F-421E-967A-57AD96343E08}.Debug|Any CPU.ActiveCfg = Debug|Any CPU
		{574E15AB-F06F-421E-967A-57AD96343E08}.Debug|Any CPU.Build.0 = Debug|Any CPU
		{574E15AB-F06F-421E-967A-57AD96343E08}.Release|Any CPU.ActiveCfg = Release|Any CPU
		{574E15AB-F06F-421E-967A-57AD96343E08}.Release|Any CPU.Build.0 = Release|Any CPU
	EndGlobalSection
	GlobalSection(SolutionProperties) = preSolution
		HideSolutionNode = FALSE
	EndGlobalSection
	GlobalSection(NestedProjects) = preSolution
		{694BC9D5-4A1E-429C-98DB-AA39E0C7E2DB} = {E3119435-CBDA-404A-BFA7-EBFF1E814FE6}
		{A18559C5-95C6-4CC3-B60B-E78E2212B6BB} = {D3528B28-AF0C-4088-8AE1-202375DFF5AF}
		{BED4401B-F83C-472B-9E40-86194A657C9D} = {D3528B28-AF0C-4088-8AE1-202375DFF5AF}
		{D26F165E-7F18-42A5-8DF8-CC979D1201B4} = {D3528B28-AF0C-4088-8AE1-202375DFF5AF}
		{1E26C5DD-1519-497D-9EFC-5944C26FE3B3} = {918015B8-75D1-4CEA-9909-FE66F5D72858}
		{67E2F93E-52B6-4FA7-B7FD-4873CE11FC89} = {A7004B3B-7B2C-4DA4-9F55-08466124295F}
		{4F611A2B-BF59-4CD5-A01D-1CDB06897AF7} = {BED4401B-F83C-472B-9E40-86194A657C9D}
		{B2FDE5D5-DE3F-4C9A-9F94-4029689BC140} = {BED4401B-F83C-472B-9E40-86194A657C9D}
		{BB13E9A3-BA7F-4878-A546-D7064DE9EEDE} = {3908777D-6FC0-492D-B837-ACC1875F679C}
		{010F8730-5984-4F64-A1F1-9B0FC80DB4C3} = {A18559C5-95C6-4CC3-B60B-E78E2212B6BB}
		{31977596-A958-425E-9F69-7EC88210F377} = {D73D6DC6-9122-497A-AF31-44872DE58309}
		{ECD8F34E-1874-4817-808B-36A3E5C4834A} = {D26F165E-7F18-42A5-8DF8-CC979D1201B4}
		{574E15AB-F06F-421E-967A-57AD96343E08} = {D73D6DC6-9122-497A-AF31-44872DE58309}
	EndGlobalSection
EndGlobal
